
Microsoft Visual Studio Solution File, Format Version 12.00
# Visual Studio 15
VisualStudioVersion = 15.0.26430.13
MinimumVisualStudioVersion = 10.0.40219.1
Project("{FAE04EC0-301F-11D3-BF4B-00C04F79EFBC}") = "TicTacToe_FinalProject", "TicTacToe_FinalProject\TicTacToe_FinalProject.csproj", "{E2977FD0-E7F3-41A4-83F8-DE63D1E81630}"
EndProject
Global
	GlobalSection(SolutionConfigurationPlatforms) = preSolution
		Debug|Any CPU = Debug|Any CPU
		Release|Any CPU = Release|Any CPU
	EndGlobalSection
	GlobalSection(ProjectConfigurationPlatforms) = postSolution
		{E2977FD0-E7F3-41A4-83F8-DE63D1E81630}.Debug|Any CPU.ActiveCfg = Debug|Any CPU
		{E2977FD0-E7F3-41A4-83F8-DE63D1E81630}.Debug|Any CPU.Build.0 = Debug|Any CPU
		{E2977FD0-E7F3-41A4-83F8-DE63D1E81630}.Release|Any CPU.ActiveCfg = Release|Any CPU
		{E2977FD0-E7F3-41A4-83F8-DE63D1E81630}.Release|Any CPU.Build.0 = Release|Any CPU
	EndGlobalSection
	GlobalSection(SolutionProperties) = preSolution
		HideSolutionNode = FALSE
	EndGlobalSection
EndGlobal
